// !$*UTF8*$!
{
	archiveVersion = 1;
	classes = {
	};
	objectVersion = 56;
	objects = {

/* Begin PBXBuildFile section */
		A9F899FE2A82110500225B2C /* TCA_CApp.swift in Sources */ = {isa = PBXBuildFile; fileRef = A9F899FD2A82110500225B2C /* TCA_CApp.swift */; };
		A9F89A002A82110500225B2C /* ContentView.swift in Sources */ = {isa = PBXBuildFile; fileRef = A9F899FF2A82110500225B2C /* ContentView.swift */; };
		A9F89A022A82110700225B2C /* Assets.xcassets in Resources */ = {isa = PBXBuildFile; fileRef = A9F89A012A82110700225B2C /* Assets.xcassets */; };
		A9F89A052A82110700225B2C /* Preview Assets.xcassets in Resources */ = {isa = PBXBuildFile; fileRef = A9F89A042A82110700225B2C /* Preview Assets.xcassets */; };
		A9F89A0D2A82114E00225B2C /* ComposableArchitecture in Frameworks */ = {isa = PBXBuildFile; productRef = A9F89A0C2A82114E00225B2C /* ComposableArchitecture */; };
		EE625B5D2A89B7FD00BFF7B6 /* CombineMoya in Frameworks */ = {isa = PBXBuildFile; productRef = EE625B5C2A89B7FD00BFF7B6 /* CombineMoya */; };
		EE625B5F2A89B7FD00BFF7B6 /* Moya in Frameworks */ = {isa = PBXBuildFile; productRef = EE625B5E2A89B7FD00BFF7B6 /* Moya */; };
/* End PBXBuildFile section */

/* Begin PBXFileReference section */
		A9F899FA2A82110500225B2C /* TCA_C.app */ = {isa = PBXFileReference; explicitFileType = wrapper.application; includeInIndex = 0; path = TCA_C.app; sourceTree = BUILT_PRODUCTS_DIR; };
		A9F899FD2A82110500225B2C /* TCA_CApp.swift */ = {isa = PBXFileReference; lastKnownFileType = sourcecode.swift; path = TCA_CApp.swift; sourceTree = "<group>"; };
		A9F899FF2A82110500225B2C /* ContentView.swift */ = {isa = PBXFileReference; lastKnownFileType = sourcecode.swift; path = ContentView.swift; sourceTree = "<group>"; };
		A9F89A012A82110700225B2C /* Assets.xcassets */ = {isa = PBXFileReference; lastKnownFileType = folder.assetcatalog; path = Assets.xcassets; sourceTree = "<group>"; };
		A9F89A042A82110700225B2C /* Preview Assets.xcassets */ = {isa = PBXFileReference; lastKnownFileType = folder.assetcatalog; path = "Preview Assets.xcassets"; sourceTree = "<group>"; };
/* End PBXFileReference section */

/* Begin PBXFrameworksBuildPhase section */
		A9F899F72A82110500225B2C /* Frameworks */ = {
			isa = PBXFrameworksBuildPhase;
			buildActionMask = 2147483647;
			files = (
				EE625B5D2A89B7FD00BFF7B6 /* CombineMoya in Frameworks */,
				A9F89A0D2A82114E00225B2C /* ComposableArchitecture in Frameworks */,
				EE625B5F2A89B7FD00BFF7B6 /* Moya in Frameworks */,
			);
			runOnlyForDeploymentPostprocessing = 0;
		};
/* End PBXFrameworksBuildPhase section */

/* Begin PBXGroup section */
		A9F899F12A82110500225B2C = {
			isa = PBXGroup;
			children = (
				A9F899FC2A82110500225B2C /* TCA_C */,
				A9F899FB2A82110500225B2C /* Products */,
			);
			sourceTree = "<group>";
		};
		A9F899FB2A82110500225B2C /* Products */ = {
			isa = PBXGroup;
			children = (
				A9F899FA2A82110500225B2C /* TCA_C.app */,
			);
			name = Products;
			sourceTree = "<group>";
		};
		A9F899FC2A82110500225B2C /* TCA_C */ = {
			isa = PBXGroup;
			children = (
				A9F899FD2A82110500225B2C /* TCA_CApp.swift */,
				A9F899FF2A82110500225B2C /* ContentView.swift */,
				A9F89A012A82110700225B2C /* Assets.xcassets */,
				A9F89A032A82110700225B2C /* Preview Content */,
			);
			path = TCA_C;
			sourceTree = "<group>";
		};
		A9F89A032A82110700225B2C /* Preview Content */ = {
			isa = PBXGroup;
			children = (
				A9F89A042A82110700225B2C /* Preview Assets.xcassets */,
			);
			path = "Preview Content";
			sourceTree = "<group>";
		};
/* End PBXGroup section */

/* Begin PBXNativeTarget section */
		A9F899F92A82110500225B2C /* TCA_C */ = {
			isa = PBXNativeTarget;
			buildConfigurationList = A9F89A082A82110700225B2C /* Build configuration list for PBXNativeTarget "TCA_C" */;
			buildPhases = (
				A9F899F62A82110500225B2C /* Sources */,
				A9F899F72A82110500225B2C /* Frameworks */,
				A9F899F82A82110500225B2C /* Resources */,
			);
			buildRules = (
			);
			dependencies = (
			);
			name = TCA_C;
			packageProductDependencies = (
				A9F89A0C2A82114E00225B2C /* ComposableArchitecture */,
				EE625B5C2A89B7FD00BFF7B6 /* CombineMoya */,
				EE625B5E2A89B7FD00BFF7B6 /* Moya */,
			);
			productName = TCA_C;
			productReference = A9F899FA2A82110500225B2C /* TCA_C.app */;
			productType = "com.apple.product-type.application";
		};
/* End PBXNativeTarget section */

/* Begin PBXProject section */
		A9F899F22A82110500225B2C /* Project object */ = {
			isa = PBXProject;
			attributes = {
				BuildIndependentTargetsInParallel = 1;
				LastSwiftUpdateCheck = 1430;
				LastUpgradeCheck = 1430;
				TargetAttributes = {
					A9F899F92A82110500225B2C = {
						CreatedOnToolsVersion = 14.3;
					};
				};
			};
			buildConfigurationList = A9F899F52A82110500225B2C /* Build configuration list for PBXProject "TCA_C" */;
			compatibilityVersion = "Xcode 14.0";
			developmentRegion = en;
			hasScannedForEncodings = 0;
			knownRegions = (
				en,
				Base,
			);
			mainGroup = A9F899F12A82110500225B2C;
			packageReferences = (
				A9F89A0B2A82114E00225B2C /* XCRemoteSwiftPackageReference "swift-composable-architecture" */,
				EE625B5B2A89B7FD00BFF7B6 /* XCRemoteSwiftPackageReference "Moya" */,
			);
			productRefGroup = A9F899FB2A82110500225B2C /* Products */;
			projectDirPath = "";
			projectRoot = "";
			targets = (
				A9F899F92A82110500225B2C /* TCA_C */,
			);
		};
/* End PBXProject section */

/* Begin PBXResourcesBuildPhase section */
		A9F899F82A82110500225B2C /* Resources */ = {
			isa = PBXResourcesBuildPhase;
			buildActionMask = 2147483647;
			files = (
				A9F89A052A82110700225B2C /* Preview Assets.xcassets in Resources */,
				A9F89A022A82110700225B2C /* Assets.xcassets in Resources */,
			);
			runOnlyForDeploymentPostprocessing = 0;
		};
/* End PBXResourcesBuildPhase section */

/* Begin PBXSourcesBuildPhase section */
		A9F899F62A82110500225B2C /* Sources */ = {
			isa = PBXSourcesBuildPhase;
			buildActionMask = 2147483647;
			files = (
				A9F89A002A82110500225B2C /* ContentView.swift in Sources */,
				A9F899FE2A82110500225B2C /* TCA_CApp.swift in Sources */,
			);
			runOnlyForDeploymentPostprocessing = 0;
		};
/* End PBXSourcesBuildPhase section */

/* Begin XCBuildConfiguration section */
		A9F89A062A82110700225B2C /* Debug */ = {
			isa = XCBuildConfiguration;
			buildSettings = {
				ALWAYS_SEARCH_USER_PATHS = NO;
				CLANG_ANALYZER_NONNULL = YES;
				CLANG_ANALYZER_NUMBER_OBJECT_CONVERSION = YES_AGGRESSIVE;
				CLANG_CXX_LANGUAGE_STANDARD = "gnu++20";
				CLANG_ENABLE_MODULES = YES;
				CLANG_ENABLE_OBJC_ARC = YES;
				CLANG_ENABLE_OBJC_WEAK = YES;
				CLANG_WARN_BLOCK_CAPTURE_AUTORELEASING = YES;
				CLANG_WARN_BOOL_CONVERSION = YES;
				CLANG_WARN_COMMA = YES;
				CLANG_WARN_CONSTANT_CONVERSION = YES;
				CLANG_WARN_DEPRECATED_OBJC_IMPLEMENTATIONS = YES;
				CLANG_WARN_DIRECT_OBJC_ISA_USAGE = YES_ERROR;
				CLANG_WARN_DOCUMENTATION_COMMENTS = YES;
				CLANG_WARN_EMPTY_BODY = YES;
				CLANG_WARN_ENUM_CONVERSION = YES;
				CLANG_WARN_INFINITE_RECURSION = YES;
				CLANG_WARN_INT_CONVERSION = YES;
				CLANG_WARN_NON_LITERAL_NULL_CONVERSION = YES;
				CLANG_WARN_OBJC_IMPLICIT_RETAIN_SELF = YES;
				CLANG_WARN_OBJC_LITERAL_CONVERSION = YES;
				CLANG_WARN_OBJC_ROOT_CLASS = YES_ERROR;
				CLANG_WARN_QUOTED_INCLUDE_IN_FRAMEWORK_HEADER = YES;
				CLANG_WARN_RANGE_LOOP_ANALYSIS = YES;
				CLANG_WARN_STRICT_PROTOTYPES = YES;
				CLANG_WARN_SUSPICIOUS_MOVE = YES;
				CLANG_WARN_UNGUARDED_AVAILABILITY = YES_AGGRESSIVE;
				CLANG_WARN_UNREACHABLE_CODE = YES;
				CLANG_WARN__DUPLICATE_METHOD_MATCH = YES;
				COPY_PHASE_STRIP = NO;
				DEBUG_INFORMATION_FORMAT = dwarf;
				ENABLE_STRICT_OBJC_MSGSEND = YES;
				ENABLE_TESTABILITY = YES;
				GCC_C_LANGUAGE_STANDARD = gnu11;
				GCC_DYNAMIC_NO_PIC = NO;
				GCC_NO_COMMON_BLOCKS = YES;
				GCC_OPTIMIZATION_LEVEL = 0;
				GCC_PREPROCESSOR_DEFINITIONS = (
					"DEBUG=1",
					"$(inherited)",
				);
				GCC_WARN_64_TO_32_BIT_CONVERSION = YES;
				GCC_WARN_ABOUT_RETURN_TYPE = YES_ERROR;
				GCC_WARN_UNDECLARED_SELECTOR = YES;
				GCC_WARN_UNINITIALIZED_AUTOS = YES_AGGRESSIVE;
				GCC_WARN_UNUSED_FUNCTION = YES;
				GCC_WARN_UNUSED_VARIABLE = YES;
				IPHONEOS_DEPLOYMENT_TARGET = 16.4;
				MTL_ENABLE_DEBUG_INFO = INCLUDE_SOURCE;
				MTL_FAST_MATH = YES;
				ONLY_ACTIVE_ARCH = YES;
				SDKROOT = iphoneos;
				SWIFT_ACTIVE_COMPILATION_CONDITIONS = DEBUG;
				SWIFT_OPTIMIZATION_LEVEL = "-Onone";
			};
			name = Debug;
		};
		A9F89A072A82110700225B2C /* Release */ = {
			isa = XCBuildConfiguration;
			buildSettings = {
				ALWAYS_SEARCH_USER_PATHS = NO;
				CLANG_ANALYZER_NONNULL = YES;
				CLANG_ANALYZER_NUMBER_OBJECT_CONVERSION = YES_AGGRESSIVE;
				CLANG_CXX_LANGUAGE_STANDARD = "gnu++20";
				CLANG_ENABLE_MODULES = YES;
				CLANG_ENABLE_OBJC_ARC = YES;
				CLANG_ENABLE_OBJC_WEAK = YES;
				CLANG_WARN_BLOCK_CAPTURE_AUTORELEASING = YES;
				CLANG_WARN_BOOL_CONVERSION = YES;
				CLANG_WARN_COMMA = YES;
				CLANG_WARN_CONSTANT_CONVERSION = YES;
				CLANG_WARN_DEPRECATED_OBJC_IMPLEMENTATIONS = YES;
				CLANG_WARN_DIRECT_OBJC_ISA_USAGE = YES_ERROR;
				CLANG_WARN_DOCUMENTATION_COMMENTS = YES;
				CLANG_WARN_EMPTY_BODY = YES;
				CLANG_WARN_ENUM_CONVERSION = YES;
				CLANG_WARN_INFINITE_RECURSION = YES;
				CLANG_WARN_INT_CONVERSION = YES;
				CLANG_WARN_NON_LITERAL_NULL_CONVERSION = YES;
				CLANG_WARN_OBJC_IMPLICIT_RETAIN_SELF = YES;
				CLANG_WARN_OBJC_LITERAL_CONVERSION = YES;
				CLANG_WARN_OBJC_ROOT_CLASS = YES_ERROR;
				CLANG_WARN_QUOTED_INCLUDE_IN_FRAMEWORK_HEADER = YES;
				CLANG_WARN_RANGE_LOOP_ANALYSIS = YES;
				CLANG_WARN_STRICT_PROTOTYPES = YES;
				CLANG_WARN_SUSPICIOUS_MOVE = YES;
				CLANG_WARN_UNGUARDED_AVAILABILITY = YES_AGGRESSIVE;
				CLANG_WARN_UNREACHABLE_CODE = YES;
				CLANG_WARN__DUPLICATE_METHOD_MATCH = YES;
				COPY_PHASE_STRIP = NO;
				DEBUG_INFORMATION_FORMAT = "dwarf-with-dsym";
				ENABLE_NS_ASSERTIONS = NO;
				ENABLE_STRICT_OBJC_MSGSEND = YES;
				GCC_C_LANGUAGE_STANDARD = gnu11;
				GCC_NO_COMMON_BLOCKS = YES;
				GCC_WARN_64_TO_32_BIT_CONVERSION = YES;
				GCC_WARN_ABOUT_RETURN_TYPE = YES_ERROR;
				GCC_WARN_UNDECLARED_SELECTOR = YES;
				GCC_WARN_UNINITIALIZED_AUTOS = YES_AGGRESSIVE;
				GCC_WARN_UNUSED_FUNCTION = YES;
				GCC_WARN_UNUSED_VARIABLE = YES;
				IPHONEOS_DEPLOYMENT_TARGET = 16.4;
				MTL_ENABLE_DEBUG_INFO = NO;
				MTL_FAST_MATH = YES;
				SDKROOT = iphoneos;
				SWIFT_COMPILATION_MODE = wholemodule;
				SWIFT_OPTIMIZATION_LEVEL = "-O";
				VALIDATE_PRODUCT = YES;
			};
			name = Release;
		};
		A9F89A092A82110700225B2C /* Debug */ = {
			isa = XCBuildConfiguration;
			buildSettings = {
				ASSETCATALOG_COMPILER_APPICON_NAME = AppIcon;
				ASSETCATALOG_COMPILER_GLOBAL_ACCENT_COLOR_NAME = AccentColor;
				CODE_SIGN_STYLE = Automatic;
				CURRENT_PROJECT_VERSION = 1;
				DEVELOPMENT_ASSET_PATHS = "\"TCA_C/Preview Content\"";
				DEVELOPMENT_TEAM = S63RBKT6UQ;
				ENABLE_PREVIEWS = YES;
				GENERATE_INFOPLIST_FILE = YES;
				INFOPLIST_KEY_UIApplicationSceneManifest_Generation = YES;
				INFOPLIST_KEY_UIApplicationSupportsIndirectInputEvents = YES;
				INFOPLIST_KEY_UILaunchScreen_Generation = YES;
				INFOPLIST_KEY_UISupportedInterfaceOrientations_iPad = "UIInterfaceOrientationPortrait UIInterfaceOrientationPortraitUpsideDown UIInterfaceOrientationLandscapeLeft UIInterfaceOrientationLandscapeRight";
				INFOPLIST_KEY_UISupportedInterfaceOrientations_iPhone = "UIInterfaceOrientationPortrait UIInterfaceOrientationLandscapeLeft UIInterfaceOrientationLandscapeRight";
				LD_RUNPATH_SEARCH_PATHS = (
					"$(inherited)",
					"@executable_path/Frameworks",
				);
				MARKETING_VERSION = 1.0;
				PRODUCT_BUNDLE_IDENTIFIER = "com.TCA-C";
				PRODUCT_NAME = "$(TARGET_NAME)";
				SWIFT_EMIT_LOC_STRINGS = YES;
				SWIFT_VERSION = 5.0;
				TARGETED_DEVICE_FAMILY = "1,2";
			};
			name = Debug;
		};
		A9F89A0A2A82110700225B2C /* Release */ = {
			isa = XCBuildConfiguration;
			buildSettings = {
				ASSETCATALOG_COMPILER_APPICON_NAME = AppIcon;
				ASSETCATALOG_COMPILER_GLOBAL_ACCENT_COLOR_NAME = AccentColor;
				CODE_SIGN_STYLE = Automatic;
				CURRENT_PROJECT_VERSION = 1;
				DEVELOPMENT_ASSET_PATHS = "\"TCA_C/Preview Content\"";
				DEVELOPMENT_TEAM = S63RBKT6UQ;
				ENABLE_PREVIEWS = YES;
				GENERATE_INFOPLIST_FILE = YES;
				INFOPLIST_KEY_UIApplicationSceneManifest_Generation = YES;
				INFOPLIST_KEY_UIApplicationSupportsIndirectInputEvents = YES;
				INFOPLIST_KEY_UILaunchScreen_Generation = YES;
				INFOPLIST_KEY_UISupportedInterfaceOrientations_iPad = "UIInterfaceOrientationPortrait UIInterfaceOrientationPortraitUpsideDown UIInterfaceOrientationLandscapeLeft UIInterfaceOrientationLandscapeRight";
				INFOPLIST_KEY_UISupportedInterfaceOrientations_iPhone = "UIInterfaceOrientationPortrait UIInterfaceOrientationLandscapeLeft UIInterfaceOrientationLandscapeRight";
				LD_RUNPATH_SEARCH_PATHS = (
					"$(inherited)",
					"@executable_path/Frameworks",
				);
				MARKETING_VERSION = 1.0;
				PRODUCT_BUNDLE_IDENTIFIER = "com.TCA-C";
				PRODUCT_NAME = "$(TARGET_NAME)";
				SWIFT_EMIT_LOC_STRINGS = YES;
				SWIFT_VERSION = 5.0;
				TARGETED_DEVICE_FAMILY = "1,2";
			};
			name = Release;
		};
/* End XCBuildConfiguration section */

/* Begin XCConfigurationList section */
		A9F899F52A82110500225B2C /* Build configuration list for PBXProject "TCA_C" */ = {
			isa = XCConfigurationList;
			buildConfigurations = (
				A9F89A062A82110700225B2C /* Debug */,
				A9F89A072A82110700225B2C /* Release */,
			);
			defaultConfigurationIsVisible = 0;
			defaultConfigurationName = Release;
		};
		A9F89A082A82110700225B2C /* Build configuration list for PBXNativeTarget "TCA_C" */ = {
			isa = XCConfigurationList;
			buildConfigurations = (
				A9F89A092A82110700225B2C /* Debug */,
				A9F89A0A2A82110700225B2C /* Release */,
			);
			defaultConfigurationIsVisible = 0;
			defaultConfigurationName = Release;
		};
/* End XCConfigurationList section */

/* Begin XCRemoteSwiftPackageReference section */
		A9F89A0B2A82114E00225B2C /* XCRemoteSwiftPackageReference "swift-composable-architecture" */ = {
			isa = XCRemoteSwiftPackageReference;
			repositoryURL = "https://github.com/pointfreeco/swift-composable-architecture";
			requirement = {
				kind = upToNextMajorVersion;
				minimumVersion = 1.0.0;
			};
		};
		EE625B5B2A89B7FD00BFF7B6 /* XCRemoteSwiftPackageReference "Moya" */ = {
			isa = XCRemoteSwiftPackageReference;
			repositoryURL = "https://github.com/Moya/Moya";
			requirement = {
				kind = upToNextMajorVersion;
				minimumVersion = 15.0.0;
			};
		};
/* End XCRemoteSwiftPackageReference section */

/* Begin XCSwiftPackageProductDependency section */
		A9F89A0C2A82114E00225B2C /* ComposableArchitecture */ = {
			isa = XCSwiftPackageProductDependency;
			package = A9F89A0B2A82114E00225B2C /* XCRemoteSwiftPackageReference "swift-composable-architecture" */;
			productName = ComposableArchitecture;
		};
		EE625B5C2A89B7FD00BFF7B6 /* CombineMoya */ = {
			isa = XCSwiftPackageProductDependency;
			package = EE625B5B2A89B7FD00BFF7B6 /* XCRemoteSwiftPackageReference "Moya" */;
			productName = CombineMoya;
		};
		EE625B5E2A89B7FD00BFF7B6 /* Moya */ = {
			isa = XCSwiftPackageProductDependency;
			package = EE625B5B2A89B7FD00BFF7B6 /* XCRemoteSwiftPackageReference "Moya" */;
			productName = Moya;
		};
/* End XCSwiftPackageProductDependency section */
	};
	rootObject = A9F899F22A82110500225B2C /* Project object */;
}
